// !$*UTF8*$!
{
	archiveVersion = 1;
	classes = {
	};
	objectVersion = 77;
	objects = {

/* Begin PBXBuildFile section */
		3A60D7B52FB8870000AFEFC4 /* DualTrackRecorder.framework in Frameworks */ = {isa = PBXBuildFile; fileRef = 3A60D7B32FB8870000AFEFC4 /* DualTrackRecorder.framework */; };
		3A60D7B62FB8870000AFEFC4 /* DualTrackRecorder.framework in Embed Frameworks */ = {isa = PBXBuildFile; fileRef = 3A60D7B32FB8870000AFEFC4 /* DualTrackRecorder.framework */; settings = {ATTRIBUTES = (CodeSignOnCopy, RemoveHeadersOnCopy, ); }; };
		3A60D7B72FB8870000AFEFC4 /* DualTrackRecorder.framework in Frameworks */ = {isa = PBXBuildFile; fileRef = 3A60D7B32FB8870000AFEFC4 /* DualTrackRecorder.framework */; };
/* End PBXBuildFile section */

/* Begin PBXContainerItemProxy section */
		3A60D7952FB8864800AFEFC4 /* PBXContainerItemProxy */ = {
			isa = PBXContainerItemProxy;
			containerPortal = 3A60D77F2FB8864000AFEFC4 /* Project object */;
			proxyType = 1;
			remoteGlobalIDString = 3A60D7862FB8864000AFEFC4;
			remoteInfo = "meet-log";
		};
		3A60D79F2FB8864800AFEFC4 /* PBXContainerItemProxy */ = {
			isa = PBXContainerItemProxy;
			containerPortal = 3A60D77F2FB8864000AFEFC4 /* Project object */;
			proxyType = 1;
			remoteGlobalIDString = 3A60D7862FB8864000AFEFC4;
			remoteInfo = "meet-log";
		};
		3A60D7C72FB8870000AFEFC4 /* PBXContainerItemProxy */ = {
			isa = PBXContainerItemProxy;
			containerPortal = 3A60D77F2FB8864000AFEFC4 /* Project object */;
			proxyType = 1;
			remoteGlobalIDString = 3A60D7B92FB8870000AFEFC4;
			remoteInfo = DualTrackRecorder;
		};
		3A60D7C82FB8870000AFEFC4 /* PBXContainerItemProxy */ = {
			isa = PBXContainerItemProxy;
			containerPortal = 3A60D77F2FB8864000AFEFC4 /* Project object */;
			proxyType = 1;
			remoteGlobalIDString = 3A60D7B92FB8870000AFEFC4;
			remoteInfo = DualTrackRecorder;
		};
/* End PBXContainerItemProxy section */

/* Begin PBXCopyFilesBuildPhase section */
		3A60D7B82FB8870000AFEFC4 /* Embed Frameworks */ = {
			isa = PBXCopyFilesBuildPhase;
			buildActionMask = 2147483647;
			dstPath = "";
			dstSubfolderSpec = 10;
			files = (
				3A60D7B62FB8870000AFEFC4 /* DualTrackRecorder.framework in Embed Frameworks */,
			);
			name = "Embed Frameworks";
			runOnlyForDeploymentPostprocessing = 0;
		};
/* End PBXCopyFilesBuildPhase section */

/* Begin PBXFileReference section */
		3A60D7872FB8864000AFEFC4 /* meet-log.app */ = {isa = PBXFileReference; explicitFileType = wrapper.application; includeInIndex = 0; path = "meet-log.app"; sourceTree = BUILT_PRODUCTS_DIR; };
		3A60D7942FB8864800AFEFC4 /* meet-logTests.xctest */ = {isa = PBXFileReference; explicitFileType = wrapper.cfbundle; includeInIndex = 0; path = "meet-logTests.xctest"; sourceTree = BUILT_PRODUCTS_DIR; };
		3A60D79E2FB8864800AFEFC4 /* meet-logUITests.xctest */ = {isa = PBXFileReference; explicitFileType = wrapper.cfbundle; includeInIndex = 0; path = "meet-logUITests.xctest"; sourceTree = BUILT_PRODUCTS_DIR; };
		3A60D7B32FB8870000AFEFC4 /* DualTrackRecorder.framework */ = {isa = PBXFileReference; explicitFileType = wrapper.framework; includeInIndex = 0; path = DualTrackRecorder.framework; sourceTree = BUILT_PRODUCTS_DIR; };
		3A60D7B42FB8870000AFEFC4 /* DualTrackRecorderTests.xctest */ = {isa = PBXFileReference; explicitFileType = wrapper.cfbundle; includeInIndex = 0; path = DualTrackRecorderTests.xctest; sourceTree = BUILT_PRODUCTS_DIR; };
/* End PBXFileReference section */

/* Begin PBXFileSystemSynchronizedRootGroup section */
		3A60D7892FB8864000AFEFC4 /* meet-log */ = {
			isa = PBXFileSystemSynchronizedRootGroup;
			path = "meet-log";
			sourceTree = "<group>";
		};
		3A60D7972FB8864800AFEFC4 /* meet-logTests */ = {
			isa = PBXFileSystemSynchronizedRootGroup;
			path = "meet-logTests";
			sourceTree = "<group>";
		};
		3A60D7A12FB8864800AFEFC4 /* meet-logUITests */ = {
			isa = PBXFileSystemSynchronizedRootGroup;
			path = "meet-logUITests";
			sourceTree = "<group>";
		};
		3A60D7B12FB8870000AFEFC4 /* DualTrackRecorder */ = {
			isa = PBXFileSystemSynchronizedRootGroup;
			path = DualTrackRecorder;
			sourceTree = "<group>";
		};
		3A60D7B22FB8870000AFEFC4 /* DualTrackRecorderTests */ = {
			isa = PBXFileSystemSynchronizedRootGroup;
			path = DualTrackRecorderTests;
			sourceTree = "<group>";
		};
/* End PBXFileSystemSynchronizedRootGroup section */

/* Begin PBXFrameworksBuildPhase section */
		3A60D7842FB8864000AFEFC4 /* Frameworks */ = {
			isa = PBXFrameworksBuildPhase;
			buildActionMask = 2147483647;
			files = (
				3A60D7B52FB8870000AFEFC4 /* DualTrackRecorder.framework in Frameworks */,
			);
			runOnlyForDeploymentPostprocessing = 0;
		};
		3A60D7912FB8864800AFEFC4 /* Frameworks */ = {
			isa = PBXFrameworksBuildPhase;
			buildActionMask = 2147483647;
			files = (
			);
			runOnlyForDeploymentPostprocessing = 0;
		};
		3A60D79B2FB8864800AFEFC4 /* Frameworks */ = {
			isa = PBXFrameworksBuildPhase;
			buildActionMask = 2147483647;
			files = (
			);
			runOnlyForDeploymentPostprocessing = 0;
		};
		3A60D7BB2FB8870000AFEFC4 /* Frameworks */ = {
			isa = PBXFrameworksBuildPhase;
			buildActionMask = 2147483647;
			files = (
			);
			runOnlyForDeploymentPostprocessing = 0;
		};
		3A60D7C22FB8870000AFEFC4 /* Frameworks */ = {
			isa = PBXFrameworksBuildPhase;
			buildActionMask = 2147483647;
			files = (
				3A60D7B72FB8870000AFEFC4 /* DualTrackRecorder.framework in Frameworks */,
			);
			runOnlyForDeploymentPostprocessing = 0;
		};
/* End PBXFrameworksBuildPhase section */

/* Begin PBXGroup section */
		3A60D77E2FB8864000AFEFC4 = {
			isa = PBXGroup;
			children = (
				3A60D7892FB8864000AFEFC4 /* meet-log */,
				3A60D7B12FB8870000AFEFC4 /* DualTrackRecorder */,
				3A60D7972FB8864800AFEFC4 /* meet-logTests */,
				3A60D7B22FB8870000AFEFC4 /* DualTrackRecorderTests */,
				3A60D7A12FB8864800AFEFC4 /* meet-logUITests */,
				3A60D7882FB8864000AFEFC4 /* Products */,
			);
			sourceTree = "<group>";
		};
		3A60D7882FB8864000AFEFC4 /* Products */ = {
			isa = PBXGroup;
			children = (
				3A60D7872FB8864000AFEFC4 /* meet-log.app */,
				3A60D7B32FB8870000AFEFC4 /* DualTrackRecorder.framework */,
				3A60D7942FB8864800AFEFC4 /* meet-logTests.xctest */,
				3A60D7B42FB8870000AFEFC4 /* DualTrackRecorderTests.xctest */,
				3A60D79E2FB8864800AFEFC4 /* meet-logUITests.xctest */,
			);
			name = Products;
			sourceTree = "<group>";
		};
/* End PBXGroup section */

/* Begin PBXNativeTarget section */
		3A60D7862FB8864000AFEFC4 /* meet-log */ = {
			isa = PBXNativeTarget;
			buildConfigurationList = 3A60D7A82FB8864900AFEFC4 /* Build configuration list for PBXNativeTarget "meet-log" */;
			buildPhases = (
				3A60D7832FB8864000AFEFC4 /* Sources */,
				3A60D7842FB8864000AFEFC4 /* Frameworks */,
				3A60D7852FB8864000AFEFC4 /* Resources */,
				3A60D7B82FB8870000AFEFC4 /* Embed Frameworks */,
			);
			buildRules = (
			);
			dependencies = (
				3A60D7C92FB8870000AFEFC4 /* PBXTargetDependency */,
			);
			fileSystemSynchronizedGroups = (
				3A60D7892FB8864000AFEFC4 /* meet-log */,
			);
			name = "meet-log";
			packageProductDependencies = (
			);
			productName = "meet-log";
			productReference = 3A60D7872FB8864000AFEFC4 /* meet-log.app */;
			productType = "com.apple.product-type.application";
		};
		3A60D7932FB8864800AFEFC4 /* meet-logTests */ = {
			isa = PBXNativeTarget;
			buildConfigurationList = 3A60D7AB2FB8864900AFEFC4 /* Build configuration list for PBXNativeTarget "meet-logTests" */;
			buildPhases = (
				3A60D7902FB8864800AFEFC4 /* Sources */,
				3A60D7912FB8864800AFEFC4 /* Frameworks */,
				3A60D7922FB8864800AFEFC4 /* Resources */,
			);
			buildRules = (
			);
			dependencies = (
				3A60D7962FB8864800AFEFC4 /* PBXTargetDependency */,
			);
			fileSystemSynchronizedGroups = (
				3A60D7972FB8864800AFEFC4 /* meet-logTests */,
			);
			name = "meet-logTests";
			packageProductDependencies = (
			);
			productName = "meet-logTests";
			productReference = 3A60D7942FB8864800AFEFC4 /* meet-logTests.xctest */;
			productType = "com.apple.product-type.bundle.unit-test";
		};
		3A60D79D2FB8864800AFEFC4 /* meet-logUITests */ = {
			isa = PBXNativeTarget;
			buildConfigurationList = 3A60D7AE2FB8864900AFEFC4 /* Build configuration list for PBXNativeTarget "meet-logUITests" */;
			buildPhases = (
				3A60D79A2FB8864800AFEFC4 /* Sources */,
				3A60D79B2FB8864800AFEFC4 /* Frameworks */,
				3A60D79C2FB8864800AFEFC4 /* Resources */,
			);
			buildRules = (
			);
			dependencies = (
				3A60D7A02FB8864800AFEFC4 /* PBXTargetDependency */,
			);
			fileSystemSynchronizedGroups = (
				3A60D7A12FB8864800AFEFC4 /* meet-logUITests */,
			);
			name = "meet-logUITests";
			packageProductDependencies = (
			);
			productName = "meet-logUITests";
			productReference = 3A60D79E2FB8864800AFEFC4 /* meet-logUITests.xctest */;
			productType = "com.apple.product-type.bundle.ui-testing";
		};
		3A60D7B92FB8870000AFEFC4 /* DualTrackRecorder */ = {
			isa = PBXNativeTarget;
			buildConfigurationList = 3A60D7BD2FB8870000AFEFC4 /* Build configuration list for PBXNativeTarget "DualTrackRecorder" */;
			buildPhases = (
				3A60D7BA2FB8870000AFEFC4 /* Sources */,
				3A60D7BB2FB8870000AFEFC4 /* Frameworks */,
				3A60D7BC2FB8870000AFEFC4 /* Resources */,
			);
			buildRules = (
			);
			dependencies = (
			);
			fileSystemSynchronizedGroups = (
				3A60D7B12FB8870000AFEFC4 /* DualTrackRecorder */,
			);
			name = DualTrackRecorder;
			packageProductDependencies = (
			);
			productName = DualTrackRecorder;
			productReference = 3A60D7B32FB8870000AFEFC4 /* DualTrackRecorder.framework */;
			productType = "com.apple.product-type.framework";
		};
		3A60D7C02FB8870000AFEFC4 /* DualTrackRecorderTests */ = {
			isa = PBXNativeTarget;
			buildConfigurationList = 3A60D7C42FB8870000AFEFC4 /* Build configuration list for PBXNativeTarget "DualTrackRecorderTests" */;
			buildPhases = (
				3A60D7C12FB8870000AFEFC4 /* Sources */,
				3A60D7C22FB8870000AFEFC4 /* Frameworks */,
				3A60D7C32FB8870000AFEFC4 /* Resources */,
			);
			buildRules = (
			);
			dependencies = (
				3A60D7CA2FB8870000AFEFC4 /* PBXTargetDependency */,
			);
			fileSystemSynchronizedGroups = (
				3A60D7B22FB8870000AFEFC4 /* DualTrackRecorderTests */,
			);
			name = DualTrackRecorderTests;
			packageProductDependencies = (
			);
			productName = DualTrackRecorderTests;
			productReference = 3A60D7B42FB8870000AFEFC4 /* DualTrackRecorderTests.xctest */;
			productType = "com.apple.product-type.bundle.unit-test";
		};
/* End PBXNativeTarget section */

/* Begin PBXProject section */
		3A60D77F2FB8864000AFEFC4 /* Project object */ = {
			isa = PBXProject;
			attributes = {
				BuildIndependentTargetsInParallel = 1;
				LastSwiftUpdateCheck = 2640;
				LastUpgradeCheck = 2640;
				TargetAttributes = {
					3A60D7862FB8864000AFEFC4 = {
						CreatedOnToolsVersion = 26.4;
					};
					3A60D7932FB8864800AFEFC4 = {
						CreatedOnToolsVersion = 26.4;
						TestTargetID = 3A60D7862FB8864000AFEFC4;
					};
					3A60D79D2FB8864800AFEFC4 = {
						CreatedOnToolsVersion = 26.4;
						TestTargetID = 3A60D7862FB8864000AFEFC4;
					};
					3A60D7B92FB8870000AFEFC4 = {
						CreatedOnToolsVersion = 26.4;
					};
					3A60D7C02FB8870000AFEFC4 = {
						CreatedOnToolsVersion = 26.4;
						TestTargetID = 3A60D7B92FB8870000AFEFC4;
					};
				};
			};
			buildConfigurationList = 3A60D7822FB8864000AFEFC4 /* Build configuration list for PBXProject "meet-log" */;
			developmentRegion = en;
			hasScannedForEncodings = 0;
			knownRegions = (
				en,
				Base,
			);
			mainGroup = 3A60D77E2FB8864000AFEFC4;
			minimizedProjectReferenceProxies = 1;
			preferredProjectObjectVersion = 77;
			productRefGroup = 3A60D7882FB8864000AFEFC4 /* Products */;
			projectDirPath = "";
			projectRoot = "";
			targets = (
				3A60D7862FB8864000AFEFC4 /* meet-log */,
				3A60D7B92FB8870000AFEFC4 /* DualTrackRecorder */,
				3A60D7932FB8864800AFEFC4 /* meet-logTests */,
				3A60D7C02FB8870000AFEFC4 /* DualTrackRecorderTests */,
				3A60D79D2FB8864800AFEFC4 /* meet-logUITests */,
			);
		};
/* End PBXProject section */

/* Begin PBXResourcesBuildPhase section */
		3A60D7852FB8864000AFEFC4 /* Resources */ = {
			isa = PBXResourcesBuildPhase;
			buildActionMask = 2147483647;
			files = (
			);
			runOnlyForDeploymentPostprocessing = 0;
		};
		3A60D7922FB8864800AFEFC4 /* Resources */ = {
			isa = PBXResourcesBuildPhase;
			buildActionMask = 2147483647;
			files = (
			);
			runOnlyForDeploymentPostprocessing = 0;
		};
		3A60D79C2FB8864800AFEFC4 /* Resources */ = {
			isa = PBXResourcesBuildPhase;
			buildActionMask = 2147483647;
			files = (
			);
			runOnlyForDeploymentPostprocessing = 0;
		};
		3A60D7BC2FB8870000AFEFC4 /* Resources */ = {
			isa = PBXResourcesBuildPhase;
			buildActionMask = 2147483647;
			files = (
			);
			runOnlyForDeploymentPostprocessing = 0;
		};
		3A60D7C32FB8870000AFEFC4 /* Resources */ = {
			isa = PBXResourcesBuildPhase;
			buildActionMask = 2147483647;
			files = (
			);
			runOnlyForDeploymentPostprocessing = 0;
		};
/* End PBXResourcesBuildPhase section */

/* Begin PBXSourcesBuildPhase section */
		3A60D7832FB8864000AFEFC4 /* Sources */ = {
			isa = PBXSourcesBuildPhase;
			buildActionMask = 2147483647;
			files = (
			);
			runOnlyForDeploymentPostprocessing = 0;
		};
		3A60D7902FB8864800AFEFC4 /* Sources */ = {
			isa = PBXSourcesBuildPhase;
			buildActionMask = 2147483647;
			files = (
			);
			runOnlyForDeploymentPostprocessing = 0;
		};
		3A60D79A2FB8864800AFEFC4 /* Sources */ = {
			isa = PBXSourcesBuildPhase;
			buildActionMask = 2147483647;
			files = (
			);
			runOnlyForDeploymentPostprocessing = 0;
		};
		3A60D7BA2FB8870000AFEFC4 /* Sources */ = {
			isa = PBXSourcesBuildPhase;
			buildActionMask = 2147483647;
			files = (
			);
			runOnlyForDeploymentPostprocessing = 0;
		};
		3A60D7C12FB8870000AFEFC4 /* Sources */ = {
			isa = PBXSourcesBuildPhase;
			buildActionMask = 2147483647;
			files = (
			);
			runOnlyForDeploymentPostprocessing = 0;
		};
/* End PBXSourcesBuildPhase section */

/* Begin PBXTargetDependency section */
		3A60D7962FB8864800AFEFC4 /* PBXTargetDependency */ = {
			isa = PBXTargetDependency;
			target = 3A60D7862FB8864000AFEFC4 /* meet-log */;
			targetProxy = 3A60D7952FB8864800AFEFC4 /* PBXContainerItemProxy */;
		};
		3A60D7A02FB8864800AFEFC4 /* PBXTargetDependency */ = {
			isa = PBXTargetDependency;
			target = 3A60D7862FB8864000AFEFC4 /* meet-log */;
			targetProxy = 3A60D79F2FB8864800AFEFC4 /* PBXContainerItemProxy */;
		};
		3A60D7C92FB8870000AFEFC4 /* PBXTargetDependency */ = {
			isa = PBXTargetDependency;
			target = 3A60D7B92FB8870000AFEFC4 /* DualTrackRecorder */;
			targetProxy = 3A60D7C72FB8870000AFEFC4 /* PBXContainerItemProxy */;
		};
		3A60D7CA2FB8870000AFEFC4 /* PBXTargetDependency */ = {
			isa = PBXTargetDependency;
			target = 3A60D7B92FB8870000AFEFC4 /* DualTrackRecorder */;
			targetProxy = 3A60D7C82FB8870000AFEFC4 /* PBXContainerItemProxy */;
		};
/* End PBXTargetDependency section */

/* Begin XCBuildConfiguration section */
		3A60D7A62FB8864900AFEFC4 /* Debug */ = {
			isa = XCBuildConfiguration;
			buildSettings = {
				ALWAYS_SEARCH_USER_PATHS = NO;
				ASSETCATALOG_COMPILER_GENERATE_SWIFT_ASSET_SYMBOL_EXTENSIONS = YES;
				CLANG_ANALYZER_NONNULL = YES;
				CLANG_ANALYZER_NUMBER_OBJECT_CONVERSION = YES_AGGRESSIVE;
				CLANG_CXX_LANGUAGE_STANDARD = "gnu++20";
				CLANG_ENABLE_MODULES = YES;
				CLANG_ENABLE_OBJC_ARC = YES;
				CLANG_ENABLE_OBJC_WEAK = YES;
				CLANG_WARN_BLOCK_CAPTURE_AUTORELEASING = YES;
				CLANG_WARN_BOOL_CONVERSION = YES;
				CLANG_WARN_COMMA = YES;
				CLANG_WARN_CONSTANT_CONVERSION = YES;
				CLANG_WARN_DEPRECATED_OBJC_IMPLEMENTATIONS = YES;
				CLANG_WARN_DIRECT_OBJC_ISA_USAGE = YES_ERROR;
				CLANG_WARN_DOCUMENTATION_COMMENTS = YES;
				CLANG_WARN_EMPTY_BODY = YES;
				CLANG_WARN_ENUM_CONVERSION = YES;
				CLANG_WARN_INFINITE_RECURSION = YES;
				CLANG_WARN_INT_CONVERSION = YES;
				CLANG_WARN_NON_LITERAL_NULL_CONVERSION = YES;
				CLANG_WARN_OBJC_IMPLICIT_RETAIN_SELF = YES;
				CLANG_WARN_OBJC_LITERAL_CONVERSION = YES;
				CLANG_WARN_OBJC_ROOT_CLASS = YES_ERROR;
				CLANG_WARN_QUOTED_INCLUDE_IN_FRAMEWORK_HEADER = YES;
				CLANG_WARN_RANGE_LOOP_ANALYSIS = YES;
				CLANG_WARN_STRICT_PROTOTYPES = YES;
				CLANG_WARN_SUSPICIOUS_MOVE = YES;
				CLANG_WARN_UNGUARDED_AVAILABILITY = YES_AGGRESSIVE;
				CLANG_WARN_UNREACHABLE_CODE = YES;
				CLANG_WARN__DUPLICATE_METHOD_MATCH = YES;
				COPY_PHASE_STRIP = NO;
				DEBUG_INFORMATION_FORMAT = dwarf;
				DEVELOPMENT_TEAM = RMVJT9K8W3;
				ENABLE_STRICT_OBJC_MSGSEND = YES;
				ENABLE_TESTABILITY = YES;
				ENABLE_USER_SCRIPT_SANDBOXING = YES;
				GCC_C_LANGUAGE_STANDARD = gnu17;
				GCC_DYNAMIC_NO_PIC = NO;
				GCC_NO_COMMON_BLOCKS = YES;
				GCC_OPTIMIZATION_LEVEL = 0;
				GCC_PREPROCESSOR_DEFINITIONS = (
					"DEBUG=1",
					"$(inherited)",
				);
				GCC_WARN_64_TO_32_BIT_CONVERSION = YES;
				GCC_WARN_ABOUT_RETURN_TYPE = YES_ERROR;
				GCC_WARN_UNDECLARED_SELECTOR = YES;
				GCC_WARN_UNINITIALIZED_AUTOS = YES_AGGRESSIVE;
				GCC_WARN_UNUSED_FUNCTION = YES;
				GCC_WARN_UNUSED_VARIABLE = YES;
				LOCALIZATION_PREFERS_STRING_CATALOGS = YES;
				MACOSX_DEPLOYMENT_TARGET = 15.0;
				MTL_ENABLE_DEBUG_INFO = INCLUDE_SOURCE;
				MTL_FAST_MATH = YES;
				ONLY_ACTIVE_ARCH = YES;
				SDKROOT = macosx;
				SWIFT_ACTIVE_COMPILATION_CONDITIONS = "DEBUG $(inherited)";
				SWIFT_OPTIMIZATION_LEVEL = "-Onone";
			};
			name = Debug;
		};
		3A60D7A72FB8864900AFEFC4 /* Release */ = {
			isa = XCBuildConfiguration;
			buildSettings = {
				ALWAYS_SEARCH_USER_PATHS = NO;
				ASSETCATALOG_COMPILER_GENERATE_SWIFT_ASSET_SYMBOL_EXTENSIONS = YES;
				CLANG_ANALYZER_NONNULL = YES;
				CLANG_ANALYZER_NUMBER_OBJECT_CONVERSION = YES_AGGRESSIVE;
				CLANG_CXX_LANGUAGE_STANDARD = "gnu++20";
				CLANG_ENABLE_MODULES = YES;
				CLANG_ENABLE_OBJC_ARC = YES;
				CLANG_ENABLE_OBJC_WEAK = YES;
				CLANG_WARN_BLOCK_CAPTURE_AUTORELEASING = YES;
				CLANG_WARN_BOOL_CONVERSION = YES;
				CLANG_WARN_COMMA = YES;
				CLANG_WARN_CONSTANT_CONVERSION = YES;
				CLANG_WARN_DEPRECATED_OBJC_IMPLEMENTATIONS = YES;
				CLANG_WARN_DIRECT_OBJC_ISA_USAGE = YES_ERROR;
				CLANG_WARN_DOCUMENTATION_COMMENTS = YES;
				CLANG_WARN_EMPTY_BODY = YES;
				CLANG_WARN_ENUM_CONVERSION = YES;
				CLANG_WARN_INFINITE_RECURSION = YES;
				CLANG_WARN_INT_CONVERSION = YES;
				CLANG_WARN_NON_LITERAL_NULL_CONVERSION = YES;
				CLANG_WARN_OBJC_IMPLICIT_RETAIN_SELF = YES;
				CLANG_WARN_OBJC_LITERAL_CONVERSION = YES;
				CLANG_WARN_OBJC_ROOT_CLASS = YES_ERROR;
				CLANG_WARN_QUOTED_INCLUDE_IN_FRAMEWORK_HEADER = YES;
				CLANG_WARN_RANGE_LOOP_ANALYSIS = YES;
				CLANG_WARN_STRICT_PROTOTYPES = YES;
				CLANG_WARN_SUSPICIOUS_MOVE = YES;
				CLANG_WARN_UNGUARDED_AVAILABILITY = YES_AGGRESSIVE;
				CLANG_WARN_UNREACHABLE_CODE = YES;
				CLANG_WARN__DUPLICATE_METHOD_MATCH = YES;
				COPY_PHASE_STRIP = NO;
				DEBUG_INFORMATION_FORMAT = "dwarf-with-dsym";
				DEVELOPMENT_TEAM = RMVJT9K8W3;
				ENABLE_NS_ASSERTIONS = NO;
				ENABLE_STRICT_OBJC_MSGSEND = YES;
				ENABLE_USER_SCRIPT_SANDBOXING = YES;
				GCC_C_LANGUAGE_STANDARD = gnu17;
				GCC_NO_COMMON_BLOCKS = YES;
				GCC_WARN_64_TO_32_BIT_CONVERSION = YES;
				GCC_WARN_ABOUT_RETURN_TYPE = YES_ERROR;
				GCC_WARN_UNDECLARED_SELECTOR = YES;
				GCC_WARN_UNINITIALIZED_AUTOS = YES_AGGRESSIVE;
				GCC_WARN_UNUSED_FUNCTION = YES;
				GCC_WARN_UNUSED_VARIABLE = YES;
				LOCALIZATION_PREFERS_STRING_CATALOGS = YES;
				MACOSX_DEPLOYMENT_TARGET = 15.0;
				MTL_ENABLE_DEBUG_INFO = NO;
				MTL_FAST_MATH = YES;
				SDKROOT = macosx;
				SWIFT_COMPILATION_MODE = wholemodule;
			};
			name = Release;
		};
		3A60D7A92FB8864900AFEFC4 /* Debug */ = {
			isa = XCBuildConfiguration;
			buildSettings = {
				ASSETCATALOG_COMPILER_APPICON_NAME = AppIcon;
				ASSETCATALOG_COMPILER_GLOBAL_ACCENT_COLOR_NAME = AccentColor;
				CODE_SIGN_ENTITLEMENTS = "meet-log/meet-log.entitlements";
				CODE_SIGN_STYLE = Automatic;
				COMBINE_HIDPI_IMAGES = YES;
				CURRENT_PROJECT_VERSION = 4;
				DEVELOPMENT_TEAM = RMVJT9K8W3;
				ENABLE_APP_SANDBOX = YES;
				ENABLE_HARDENED_RUNTIME = YES;
				ENABLE_PREVIEWS = YES;
				ENABLE_USER_SELECTED_FILES = readonly;
				GENERATE_INFOPLIST_FILE = NO;
				INFOPLIST_FILE = AppInfo.plist;
				LD_RUNPATH_SEARCH_PATHS = (
					"$(inherited)",
					"@executable_path/../Frameworks",
				);
				MARKETING_VERSION = 0.4.1;
				PRODUCT_BUNDLE_IDENTIFIER = "dio0550.meet-log";
				PRODUCT_NAME = "$(TARGET_NAME)";
				REGISTER_APP_GROUPS = YES;
				STRING_CATALOG_GENERATE_SYMBOLS = YES;
				SWIFT_APPROACHABLE_CONCURRENCY = YES;
				SWIFT_DEFAULT_ACTOR_ISOLATION = MainActor;
				SWIFT_EMIT_LOC_STRINGS = YES;
				SWIFT_UPCOMING_FEATURE_MEMBER_IMPORT_VISIBILITY = YES;
				SWIFT_VERSION = 5.0;
			};
			name = Debug;
		};
		3A60D7AA2FB8864900AFEFC4 /* Release */ = {
			isa = XCBuildConfiguration;
			buildSettings = {
				ASSETCATALOG_COMPILER_APPICON_NAME = AppIcon;
				ASSETCATALOG_COMPILER_GLOBAL_ACCENT_COLOR_NAME = AccentColor;
				CODE_SIGN_ENTITLEMENTS = "meet-log/meet-log.entitlements";
				CODE_SIGN_STYLE = Automatic;
				COMBINE_HIDPI_IMAGES = YES;
				CURRENT_PROJECT_VERSION = 4;
				DEVELOPMENT_TEAM = RMVJT9K8W3;
				ENABLE_APP_SANDBOX = YES;
				ENABLE_HARDENED_RUNTIME = YES;
				ENABLE_PREVIEWS = YES;
				ENABLE_USER_SELECTED_FILES = readonly;
				GENERATE_INFOPLIST_FILE = NO;
				INFOPLIST_FILE = AppInfo.plist;
				LD_RUNPATH_SEARCH_PATHS = (
					"$(inherited)",
					"@executable_path/../Frameworks",
				);
				MARKETING_VERSION = 0.4.1;
				PRODUCT_BUNDLE_IDENTIFIER = "dio0550.meet-log";
				PRODUCT_NAME = "$(TARGET_NAME)";
				REGISTER_APP_GROUPS = YES;
				STRING_CATALOG_GENERATE_SYMBOLS = YES;
				SWIFT_APPROACHABLE_CONCURRENCY = YES;
				SWIFT_DEFAULT_ACTOR_ISOLATION = MainActor;
				SWIFT_EMIT_LOC_STRINGS = YES;
				SWIFT_UPCOMING_FEATURE_MEMBER_IMPORT_VISIBILITY = YES;
				SWIFT_VERSION = 5.0;
			};
			name = Release;
		};
		3A60D7AC2FB8864900AFEFC4 /* Debug */ = {
			isa = XCBuildConfiguration;
			buildSettings = {
				BUNDLE_LOADER = "$(TEST_HOST)";
				CODE_SIGN_STYLE = Automatic;
				CURRENT_PROJECT_VERSION = 4;
				DEVELOPMENT_TEAM = RMVJT9K8W3;
				GENERATE_INFOPLIST_FILE = YES;
				MACOSX_DEPLOYMENT_TARGET = 15.0;
				MARKETING_VERSION = 0.4.1;
				PRODUCT_BUNDLE_IDENTIFIER = "dio0550.meet-logTests";
				PRODUCT_NAME = "$(TARGET_NAME)";
				STRING_CATALOG_GENERATE_SYMBOLS = NO;
				SWIFT_APPROACHABLE_CONCURRENCY = YES;
				SWIFT_EMIT_LOC_STRINGS = NO;
				SWIFT_UPCOMING_FEATURE_MEMBER_IMPORT_VISIBILITY = YES;
				SWIFT_VERSION = 5.0;
				TEST_HOST = "$(BUILT_PRODUCTS_DIR)/meet-log.app/$(BUNDLE_EXECUTABLE_FOLDER_PATH)/meet-log";
			};
			name = Debug;
		};
		3A60D7AD2FB8864900AFEFC4 /* Release */ = {
			isa = XCBuildConfiguration;
			buildSettings = {
				BUNDLE_LOADER = "$(TEST_HOST)";
				CODE_SIGN_STYLE = Automatic;
				CURRENT_PROJECT_VERSION = 4;
				DEVELOPMENT_TEAM = RMVJT9K8W3;
				GENERATE_INFOPLIST_FILE = YES;
				MACOSX_DEPLOYMENT_TARGET = 15.0;
				MARKETING_VERSION = 0.4.1;
				PRODUCT_BUNDLE_IDENTIFIER = "dio0550.meet-logTests";
				PRODUCT_NAME = "$(TARGET_NAME)";
				STRING_CATALOG_GENERATE_SYMBOLS = NO;
				SWIFT_APPROACHABLE_CONCURRENCY = YES;
				SWIFT_EMIT_LOC_STRINGS = NO;
				SWIFT_UPCOMING_FEATURE_MEMBER_IMPORT_VISIBILITY = YES;
				SWIFT_VERSION = 5.0;
				TEST_HOST = "$(BUILT_PRODUCTS_DIR)/meet-log.app/$(BUNDLE_EXECUTABLE_FOLDER_PATH)/meet-log";
			};
			name = Release;
		};
		3A60D7AF2FB8864900AFEFC4 /* Debug */ = {
			isa = XCBuildConfiguration;
			buildSettings = {
				CODE_SIGN_STYLE = Automatic;
				CURRENT_PROJECT_VERSION = 4;
				DEVELOPMENT_TEAM = RMVJT9K8W3;
				GENERATE_INFOPLIST_FILE = YES;
				MARKETING_VERSION = 0.4.1;
				PRODUCT_BUNDLE_IDENTIFIER = "dio0550.meet-logUITests";
				PRODUCT_NAME = "$(TARGET_NAME)";
				STRING_CATALOG_GENERATE_SYMBOLS = NO;
				SWIFT_APPROACHABLE_CONCURRENCY = YES;
				SWIFT_EMIT_LOC_STRINGS = NO;
				SWIFT_UPCOMING_FEATURE_MEMBER_IMPORT_VISIBILITY = YES;
				SWIFT_VERSION = 5.0;
				TEST_TARGET_NAME = "meet-log";
			};
			name = Debug;
		};
		3A60D7B02FB8864900AFEFC4 /* Release */ = {
			isa = XCBuildConfiguration;
			buildSettings = {
				CODE_SIGN_STYLE = Automatic;
				CURRENT_PROJECT_VERSION = 4;
				DEVELOPMENT_TEAM = RMVJT9K8W3;
				GENERATE_INFOPLIST_FILE = YES;
				MARKETING_VERSION = 0.4.1;
				PRODUCT_BUNDLE_IDENTIFIER = "dio0550.meet-logUITests";
				PRODUCT_NAME = "$(TARGET_NAME)";
				STRING_CATALOG_GENERATE_SYMBOLS = NO;
				SWIFT_APPROACHABLE_CONCURRENCY = YES;
				SWIFT_EMIT_LOC_STRINGS = NO;
				SWIFT_UPCOMING_FEATURE_MEMBER_IMPORT_VISIBILITY = YES;
				SWIFT_VERSION = 5.0;
				TEST_TARGET_NAME = "meet-log";
			};
			name = Release;
		};
		3A60D7BE2FB8870000AFEFC4 /* Debug */ = {
			isa = XCBuildConfiguration;
			buildSettings = {
				CODE_SIGN_STYLE = Automatic;
				COMBINE_HIDPI_IMAGES = YES;
				CURRENT_PROJECT_VERSION = 4;
				DEFINES_MODULE = YES;
				DEVELOPMENT_TEAM = RMVJT9K8W3;
				DYLIB_COMPATIBILITY_VERSION = 1;
				DYLIB_CURRENT_VERSION = 1;
				DYLIB_INSTALL_NAME_BASE = "@rpath";
				GENERATE_INFOPLIST_FILE = YES;
				INFOPLIST_KEY_NSHumanReadableCopyright = "";
				INSTALL_PATH = "$(LOCAL_LIBRARY_DIR)/Frameworks";
				LD_RUNPATH_SEARCH_PATHS = (
					"$(inherited)",
					"@executable_path/../Frameworks",
					"@loader_path/Frameworks",
				);
				MACOSX_DEPLOYMENT_TARGET = 15.0;
				MARKETING_VERSION = 0.4.1;
				PRODUCT_BUNDLE_IDENTIFIER = dio0550.DualTrackRecorder;
				PRODUCT_NAME = "$(TARGET_NAME)";
				SKIP_INSTALL = YES;
				STRING_CATALOG_GENERATE_SYMBOLS = NO;
				SWIFT_APPROACHABLE_CONCURRENCY = YES;
				SWIFT_EMIT_LOC_STRINGS = NO;
				SWIFT_UPCOMING_FEATURE_MEMBER_IMPORT_VISIBILITY = YES;
				SWIFT_VERSION = 5.0;
			};
			name = Debug;
		};
		3A60D7BF2FB8870000AFEFC4 /* Release */ = {
			isa = XCBuildConfiguration;
			buildSettings = {
				CODE_SIGN_STYLE = Automatic;
				COMBINE_HIDPI_IMAGES = YES;
				CURRENT_PROJECT_VERSION = 4;
				DEFINES_MODULE = YES;
				DEVELOPMENT_TEAM = RMVJT9K8W3;
				DYLIB_COMPATIBILITY_VERSION = 1;
				DYLIB_CURRENT_VERSION = 1;
				DYLIB_INSTALL_NAME_BASE = "@rpath";
				GENERATE_INFOPLIST_FILE = YES;
				INFOPLIST_KEY_NSHumanReadableCopyright = "";
				INSTALL_PATH = "$(LOCAL_LIBRARY_DIR)/Frameworks";
				LD_RUNPATH_SEARCH_PATHS = (
					"$(inherited)",
					"@executable_path/../Frameworks",
					"@loader_path/Frameworks",
				);
				MACOSX_DEPLOYMENT_TARGET = 15.0;
				MARKETING_VERSION = 0.4.1;
				PRODUCT_BUNDLE_IDENTIFIER = dio0550.DualTrackRecorder;
				PRODUCT_NAME = "$(TARGET_NAME)";
				SKIP_INSTALL = YES;
				STRING_CATALOG_GENERATE_SYMBOLS = NO;
				SWIFT_APPROACHABLE_CONCURRENCY = YES;
				SWIFT_EMIT_LOC_STRINGS = NO;
				SWIFT_UPCOMING_FEATURE_MEMBER_IMPORT_VISIBILITY = YES;
				SWIFT_VERSION = 5.0;
			};
			name = Release;
		};
		3A60D7C52FB8870000AFEFC4 /* Debug */ = {
			isa = XCBuildConfiguration;
			buildSettings = {
				CODE_SIGN_STYLE = Automatic;
				CURRENT_PROJECT_VERSION = 4;
				DEVELOPMENT_TEAM = RMVJT9K8W3;
				GENERATE_INFOPLIST_FILE = YES;
				MACOSX_DEPLOYMENT_TARGET = 15.0;
				MARKETING_VERSION = 0.4.1;
				PRODUCT_BUNDLE_IDENTIFIER = dio0550.DualTrackRecorderTests;
				PRODUCT_NAME = "$(TARGET_NAME)";
				STRING_CATALOG_GENERATE_SYMBOLS = NO;
				SWIFT_APPROACHABLE_CONCURRENCY = YES;
				SWIFT_EMIT_LOC_STRINGS = NO;
				SWIFT_UPCOMING_FEATURE_MEMBER_IMPORT_VISIBILITY = YES;
				SWIFT_VERSION = 5.0;
			};
			name = Debug;
		};
		3A60D7C62FB8870000AFEFC4 /* Release */ = {
			isa = XCBuildConfiguration;
			buildSettings = {
				CODE_SIGN_STYLE = Automatic;
				CURRENT_PROJECT_VERSION = 4;
				DEVELOPMENT_TEAM = RMVJT9K8W3;
				GENERATE_INFOPLIST_FILE = YES;
				MACOSX_DEPLOYMENT_TARGET = 15.0;
				MARKETING_VERSION = 0.4.1;
				PRODUCT_BUNDLE_IDENTIFIER = dio0550.DualTrackRecorderTests;
				PRODUCT_NAME = "$(TARGET_NAME)";
				STRING_CATALOG_GENERATE_SYMBOLS = NO;
				SWIFT_APPROACHABLE_CONCURRENCY = YES;
				SWIFT_EMIT_LOC_STRINGS = NO;
				SWIFT_UPCOMING_FEATURE_MEMBER_IMPORT_VISIBILITY = YES;
				SWIFT_VERSION = 5.0;
			};
			name = Release;
		};
/* End XCBuildConfiguration section */

/* Begin XCConfigurationList section */
		3A60D7822FB8864000AFEFC4 /* Build configuration list for PBXProject "meet-log" */ = {
			isa = XCConfigurationList;
			buildConfigurations = (
				3A60D7A62FB8864900AFEFC4 /* Debug */,
				3A60D7A72FB8864900AFEFC4 /* Release */,
			);
			defaultConfigurationIsVisible = 0;
			defaultConfigurationName = Release;
		};
		3A60D7A82FB8864900AFEFC4 /* Build configuration list for PBXNativeTarget "meet-log" */ = {
			isa = XCConfigurationList;
			buildConfigurations = (
				3A60D7A92FB8864900AFEFC4 /* Debug */,
				3A60D7AA2FB8864900AFEFC4 /* Release */,
			);
			defaultConfigurationIsVisible = 0;
			defaultConfigurationName = Release;
		};
		3A60D7AB2FB8864900AFEFC4 /* Build configuration list for PBXNativeTarget "meet-logTests" */ = {
			isa = XCConfigurationList;
			buildConfigurations = (
				3A60D7AC2FB8864900AFEFC4 /* Debug */,
				3A60D7AD2FB8864900AFEFC4 /* Release */,
			);
			defaultConfigurationIsVisible = 0;
			defaultConfigurationName = Release;
		};
		3A60D7AE2FB8864900AFEFC4 /* Build configuration list for PBXNativeTarget "meet-logUITests" */ = {
			isa = XCConfigurationList;
			buildConfigurations = (
				3A60D7AF2FB8864900AFEFC4 /* Debug */,
				3A60D7B02FB8864900AFEFC4 /* Release */,
			);
			defaultConfigurationIsVisible = 0;
			defaultConfigurationName = Release;
		};
		3A60D7BD2FB8870000AFEFC4 /* Build configuration list for PBXNativeTarget "DualTrackRecorder" */ = {
			isa = XCConfigurationList;
			buildConfigurations = (
				3A60D7BE2FB8870000AFEFC4 /* Debug */,
				3A60D7BF2FB8870000AFEFC4 /* Release */,
			);
			defaultConfigurationIsVisible = 0;
			defaultConfigurationName = Release;
		};
		3A60D7C42FB8870000AFEFC4 /* Build configuration list for PBXNativeTarget "DualTrackRecorderTests" */ = {
			isa = XCConfigurationList;
			buildConfigurations = (
				3A60D7C52FB8870000AFEFC4 /* Debug */,
				3A60D7C62FB8870000AFEFC4 /* Release */,
			);
			defaultConfigurationIsVisible = 0;
			defaultConfigurationName = Release;
		};
/* End XCConfigurationList section */
	};
	rootObject = 3A60D77F2FB8864000AFEFC4 /* Project object */;
}
